
Microsoft Visual Studio Solution File, Format Version 12.00
# Visual Studio 15
VisualStudioVersion = 15.0.28010.2046
MinimumVisualStudioVersion = 10.0.40219.1
Project("{FAE04EC0-301F-11D3-BF4B-00C04F79EFBC}") = "SupermercatoSconti", "SupermercatoSconti\SupermercatoSconti.csproj", "{90A9BC41-3083-4BB6-907A-1F964B1F29F4}"
EndProject
Global
	GlobalSection(SolutionConfigurationPlatforms) = preSolution
		Debug|Any CPU = Debug|Any CPU
		Release|Any CPU = Release|Any CPU
	EndGlobalSection
	GlobalSection(ProjectConfigurationPlatforms) = postSolution
		{90A9BC41-3083-4BB6-907A-1F964B1F29F4}.Debug|Any CPU.ActiveCfg = Debug|Any CPU
		{90A9BC41-3083-4BB6-907A-1F964B1F29F4}.Debug|Any CPU.Build.0 = Debug|Any CPU
		{90A9BC41-3083-4BB6-907A-1F964B1F29F4}.Release|Any CPU.ActiveCfg = Release|Any CPU
		{90A9BC41-3083-4BB6-907A-1F964B1F29F4}.Release|Any CPU.Build.0 = Release|Any CPU
	EndGlobalSection
	GlobalSection(SolutionProperties) = preSolution
		HideSolutionNode = FALSE
	EndGlobalSection
	GlobalSection(ExtensibilityGlobals) = postSolution
		SolutionGuid = {3E8D121D-10B2-4599-93A6-4ABDBBCA8A16}
	EndGlobalSection
EndGlobal
